
Microsoft Visual Studio Solution File, Format Version 12.00
# Visual Studio Version 18
Project("{8BC9CEB8-8B4A-11D0-8D11-00A0C91BC942}") = "ALL_BUILD", "ALL_BUILD.vcxproj", "{4EF54067-2CC1-3D75-B371-D4A7B287E3EE}"
	ProjectSection(ProjectDependencies) = postProject
		{F90FA62D-15F3-354F-8433-5CB9DC126E6D} = {F90FA62D-15F3-354F-8433-5CB9DC126E6D}
		{EED8CAA9-E5CA-3A09-BA98-21AE4951A8D0} = {EED8CAA9-E5CA-3A09-BA98-21AE4951A8D0}
		{7895BDB7-D617-3BC7-9D52-498990676D71} = {7895BDB7-D617-3BC7-9D52-498990676D71}
	EndProjectSection
EndProject
Project("{8BC9CEB8-8B4A-11D0-8D11-00A0C91BC942}") = "ZERO_CHECK", "ZERO_CHECK.vcxproj", "{F90FA62D-15F3-354F-8433-5CB9DC126E6D}"
	ProjectSection(ProjectDependencies) = postProject
	EndProjectSection
EndProject
Project("{8BC9CEB8-8B4A-11D0-8D11-00A0C91BC942}") = "host_tests", "host_tests.vcxproj", "{EED8CAA9-E5CA-3A09-BA98-21AE4951A8D0}"
	ProjectSection(ProjectDependencies) = postProject
		{F90FA62D-15F3-354F-8433-5CB9DC126E6D} = {F90FA62D-15F3-354F-8433-5CB9DC126E6D}
	EndProjectSection
EndProject
Project("{8BC9CEB8-8B4A-11D0-8D11-00A0C91BC942}") = "sim_robot", "sim_robot.vcxproj", "{7895BDB7-D617-3BC7-9D52-498990676D71}"
	ProjectSection(ProjectDependencies) = postProject
		{F90FA62D-15F3-354F-8433-5CB9DC126E6D} = {F90FA62D-15F3-354F-8433-5CB9DC126E6D}
	EndProjectSection
EndProject
Global
	GlobalSection(SolutionConfigurationPlatforms) = preSolution
		Debug|ARM64 = Debug|ARM64
		Release|ARM64 = Release|ARM64
		MinSizeRel|ARM64 = MinSizeRel|ARM64
		RelWithDebInfo|ARM64 = RelWithDebInfo|ARM64
	EndGlobalSection
	GlobalSection(ProjectConfigurationPlatforms) = postSolution
		{4EF54067-2CC1-3D75-B371-D4A7B287E3EE}.Debug|ARM64.ActiveCfg = Debug|ARM64
		{4EF54067-2CC1-3D75-B371-D4A7B287E3EE}.Release|ARM64.ActiveCfg = Release|ARM64
		{4EF54067-2CC1-3D75-B371-D4A7B287E3EE}.MinSizeRel|ARM64.ActiveCfg = MinSizeRel|ARM64
		{4EF54067-2CC1-3D75-B371-D4A7B287E3EE}.RelWithDebInfo|ARM64.ActiveCfg = RelWithDebInfo|ARM64
		{F90FA62D-15F3-354F-8433-5CB9DC126E6D}.Debug|ARM64.ActiveCfg = Debug|ARM64
		{F90FA62D-15F3-354F-8433-5CB9DC126E6D}.Debug|ARM64.Build.0 = Debug|ARM64
		{F90FA62D-15F3-354F-8433-5CB9DC126E6D}.Release|ARM64.ActiveCfg = Release|ARM64
		{F90FA62D-15F3-354F-8433-5CB9DC126E6D}.Release|ARM64.Build.0 = Release|ARM64
		{F90FA62D-15F3-354F-8433-5CB9DC126E6D}.MinSizeRel|ARM64.ActiveCfg = MinSizeRel|ARM64
		{F90FA62D-15F3-354F-8433-5CB9DC126E6D}.MinSizeRel|ARM64.Build.0 = MinSizeRel|ARM64
		{F90FA62D-15F3-354F-8433-5CB9DC126E6D}.RelWithDebInfo|ARM64.ActiveCfg = RelWithDebInfo|ARM64
		{F90FA62D-15F3-354F-8433-5CB9DC126E6D}.RelWithDebInfo|ARM64.Build.0 = RelWithDebInfo|ARM64
		{EED8CAA9-E5CA-3A09-BA98-21AE4951A8D0}.Debug|ARM64.ActiveCfg = Debug|ARM64
		{EED8CAA9-E5CA-3A09-BA98-21AE4951A8D0}.Debug|ARM64.Build.0 = Debug|ARM64
		{EED8CAA9-E5CA-3A09-BA98-21AE4951A8D0}.Release|ARM64.ActiveCfg = Release|ARM64
		{EED8CAA9-E5CA-3A09-BA98-21AE4951A8D0}.Release|ARM64.Build.0 = Release|ARM64
		{EED8CAA9-E5CA-3A09-BA98-21AE4951A8D0}.MinSizeRel|ARM64.ActiveCfg = MinSizeRel|ARM64
		{EED8CAA9-E5CA-3A09-BA98-21AE4951A8D0}.MinSizeRel|ARM64.Build.0 = MinSizeRel|ARM64
		{EED8CAA9-E5CA-3A09-BA98-21AE4951A8D0}.RelWithDebInfo|ARM64.ActiveCfg = RelWithDebInfo|ARM64
		{EED8CAA9-E5CA-3A09-BA98-21AE4951A8D0}.RelWithDebInfo|ARM64.Build.0 = RelWithDebInfo|ARM64
		{7895BDB7-D617-3BC7-9D52-498990676D71}.Debug|ARM64.ActiveCfg = Debug|ARM64
		{7895BDB7-D617-3BC7-9D52-498990676D71}.Debug|ARM64.Build.0 = Debug|ARM64
		{7895BDB7-D617-3BC7-9D52-498990676D71}.Release|ARM64.ActiveCfg = Release|ARM64
		{7895BDB7-D617-3BC7-9D52-498990676D71}.Release|ARM64.Build.0 = Release|ARM64
		{7895BDB7-D617-3BC7-9D52-498990676D71}.MinSizeRel|ARM64.ActiveCfg = MinSizeRel|ARM64
		{7895BDB7-D617-3BC7-9D52-498990676D71}.MinSizeRel|ARM64.Build.0 = MinSizeRel|ARM64
		{7895BDB7-D617-3BC7-9D52-498990676D71}.RelWithDebInfo|ARM64.ActiveCfg = RelWithDebInfo|ARM64
		{7895BDB7-D617-3BC7-9D52-498990676D71}.RelWithDebInfo|ARM64.Build.0 = RelWithDebInfo|ARM64
	EndGlobalSection
	GlobalSection(ExtensibilityGlobals) = postSolution
		SolutionGuid = {2F9CF805-1CEE-3E46-9DA3-F4D4907E87D2}
	EndGlobalSection
	GlobalSection(ExtensibilityAddIns) = postSolution
	EndGlobalSection
EndGlobal
